
Microsoft Visual Studio Solution File, Format Version 12.00
# Visual Studio Version 17
VisualStudioVersion = 17.12.35527.113 d17.12
MinimumVisualStudioVersion = 10.0.40219.1
Project("{FAE04EC0-301F-11D3-BF4B-00C04F79EFBC}") = "UserControlEx01", "UserControlEx01\UserControlEx01.csproj", "{C1362E52-9657-4E57-85F6-4B6A0FA0AFAC}"
EndProject
Global
	GlobalSection(SolutionConfigurationPlatforms) = preSolution
		Debug|Any CPU = Debug|Any CPU
		Release|Any CPU = Release|Any CPU
	EndGlobalSection
	GlobalSection(ProjectConfigurationPlatforms) = postSolution
		{C1362E52-9657-4E57-85F6-4B6A0FA0AFAC}.Debug|Any CPU.ActiveCfg = Debug|Any CPU
		{C1362E52-9657-4E57-85F6-4B6A0FA0AFAC}.Debug|Any CPU.Build.0 = Debug|Any CPU
		{C1362E52-9657-4E57-85F6-4B6A0FA0AFAC}.Release|Any CPU.ActiveCfg = Release|Any CPU
		{C1362E52-9657-4E57-85F6-4B6A0FA0AFAC}.Release|Any CPU.Build.0 = Release|Any CPU
	EndGlobalSection
	GlobalSection(SolutionProperties) = preSolution
		HideSolutionNode = FALSE
	EndGlobalSection
EndGlobal
